
Microsoft Visual Studio Solution File, Format Version 12.00
# Visual Studio Version 17
VisualStudioVersion = 17.13.35919.96
MinimumVisualStudioVersion = 10.0.40219.1
Project("{FAE04EC0-301F-11D3-BF4B-00C04F79EFBC}") = "FNBapp", "FNBapp\FNBapp.csproj", "{C90F1B14-6786-4A5E-ACFB-ED5DFF87C5B4}"
EndProject
Global
	GlobalSection(SolutionConfigurationPlatforms) = preSolution
		Debug|Any CPU = Debug|Any CPU
		Release|Any CPU = Release|Any CPU
	EndGlobalSection
	GlobalSection(ProjectConfigurationPlatforms) = postSolution
		{C90F1B14-6786-4A5E-ACFB-ED5DFF87C5B4}.Debug|Any CPU.ActiveCfg = Debug|Any CPU
		{C90F1B14-6786-4A5E-ACFB-ED5DFF87C5B4}.Debug|Any CPU.Build.0 = Debug|Any CPU
		{C90F1B14-6786-4A5E-ACFB-ED5DFF87C5B4}.Release|Any CPU.ActiveCfg = Release|Any CPU
		{C90F1B14-6786-4A5E-ACFB-ED5DFF87C5B4}.Release|Any CPU.Build.0 = Release|Any CPU
	EndGlobalSection
	GlobalSection(SolutionProperties) = preSolution
		HideSolutionNode = FALSE
	EndGlobalSection
	GlobalSection(ExtensibilityGlobals) = postSolution
		SolutionGuid = {F7E0ED93-A961-40E2-AF02-5F615CAB411A}
	EndGlobalSection
EndGlobal
